
Microsoft Visual Studio Solution File, Format Version 12.00
# Visual Studio Version 17
VisualStudioVersion = 17.7.34302.85
MinimumVisualStudioVersion = 10.0.40219.1
Project("{FAE04EC0-301F-11D3-BF4B-00C04F79EFBC}") = "01_MainSubjects", "01_MainSubjects\01_MainSubjects.csproj", "{DC9DF2B9-0F7C-4D40-A3E1-B4AB09FDEF96}"
EndProject
Project("{FAE04EC0-301F-11D3-BF4B-00C04F79EFBC}") = "02_Variables", "02_Variables\02_Variables.csproj", "{0D3FF0FD-56EA-4F42-B8E8-B17C1AA4FA86}"
EndProject
Project("{FAE04EC0-301F-11D3-BF4B-00C04F79EFBC}") = "03_MakingDecision", "03_MakingDecision\03_MakingDecision.csproj", "{4D5507C2-9B44-42E0-87AD-4945DEDD13DA}"
EndProject
Project("{FAE04EC0-301F-11D3-BF4B-00C04F79EFBC}") = "04_Loops", "04_Loops\04_Loops.csproj", "{B9C44B3B-0645-47D3-8665-6FCBD222A90C}"
EndProject
Project("{FAE04EC0-301F-11D3-BF4B-00C04F79EFBC}") = "05_LoopsWithStars", "05_LoopsWithStars\05_LoopsWithStars.csproj", "{2235E2A2-3D55-4D09-8549-BD98DFF5745E}"
EndProject
Project("{FAE04EC0-301F-11D3-BF4B-00C04F79EFBC}") = "06_Arrays", "06_Arrays\06_Arrays.csproj", "{EC027B98-D4BC-489A-9508-4299D4597BA2}"
EndProject
Project("{FAE04EC0-301F-11D3-BF4B-00C04F79EFBC}") = "07_ForeachLoop", "07_ForeachLoop\07_ForeachLoop.csproj", "{E296462A-08E2-44B1-8B6C-707DA8DE80BC}"
EndProject
Global
	GlobalSection(SolutionConfigurationPlatforms) = preSolution
		Debug|Any CPU = Debug|Any CPU
		Release|Any CPU = Release|Any CPU
	EndGlobalSection
	GlobalSection(ProjectConfigurationPlatforms) = postSolution
		{DC9DF2B9-0F7C-4D40-A3E1-B4AB09FDEF96}.Debug|Any CPU.ActiveCfg = Debug|Any CPU
		{DC9DF2B9-0F7C-4D40-A3E1-B4AB09FDEF96}.Debug|Any CPU.Build.0 = Debug|Any CPU
		{DC9DF2B9-0F7C-4D40-A3E1-B4AB09FDEF96}.Release|Any CPU.ActiveCfg = Release|Any CPU
		{DC9DF2B9-0F7C-4D40-A3E1-B4AB09FDEF96}.Release|Any CPU.Build.0 = Release|Any CPU
		{0D3FF0FD-56EA-4F42-B8E8-B17C1AA4FA86}.Debug|Any CPU.ActiveCfg = Debug|Any CPU
		{0D3FF0FD-56EA-4F42-B8E8-B17C1AA4FA86}.Debug|Any CPU.Build.0 = Debug|Any CPU
		{0D3FF0FD-56EA-4F42-B8E8-B17C1AA4FA86}.Release|Any CPU.ActiveCfg = Release|Any CPU
		{0D3FF0FD-56EA-4F42-B8E8-B17C1AA4FA86}.Release|Any CPU.Build.0 = Release|Any CPU
		{4D5507C2-9B44-42E0-87AD-4945DEDD13DA}.Debug|Any CPU.ActiveCfg = Debug|Any CPU
		{4D5507C2-9B44-42E0-87AD-4945DEDD13DA}.Debug|Any CPU.Build.0 = Debug|Any CPU
		{4D5507C2-9B44-42E0-87AD-4945DEDD13DA}.Release|Any CPU.ActiveCfg = Release|Any CPU
		{4D5507C2-9B44-42E0-87AD-4945DEDD13DA}.Release|Any CPU.Build.0 = Release|Any CPU
		{B9C44B3B-0645-47D3-8665-6FCBD222A90C}.Debug|Any CPU.ActiveCfg = Debug|Any CPU
		{B9C44B3B-0645-47D3-8665-6FCBD222A90C}.Debug|Any CPU.Build.0 = Debug|Any CPU
		{B9C44B3B-0645-47D3-8665-6FCBD222A90C}.Release|Any CPU.ActiveCfg = Release|Any CPU
		{B9C44B3B-0645-47D3-8665-6FCBD222A90C}.Release|Any CPU.Build.0 = Release|Any CPU
		{2235E2A2-3D55-4D09-8549-BD98DFF5745E}.Debug|Any CPU.ActiveCfg = Debug|Any CPU
		{2235E2A2-3D55-4D09-8549-BD98DFF5745E}.Debug|Any CPU.Build.0 = Debug|Any CPU
		{2235E2A2-3D55-4D09-8549-BD98DFF5745E}.Release|Any CPU.ActiveCfg = Release|Any CPU
		{2235E2A2-3D55-4D09-8549-BD98DFF5745E}.Release|Any CPU.Build.0 = Release|Any CPU
		{EC027B98-D4BC-489A-9508-4299D4597BA2}.Debug|Any CPU.ActiveCfg = Debug|Any CPU
		{EC027B98-D4BC-489A-9508-4299D4597BA2}.Debug|Any CPU.Build.0 = Debug|Any CPU
		{EC027B98-D4BC-489A-9508-4299D4597BA2}.Release|Any CPU.ActiveCfg = Release|Any CPU
		{EC027B98-D4BC-489A-9508-4299D4597BA2}.Release|Any CPU.Build.0 = Release|Any CPU
		{E296462A-08E2-44B1-8B6C-707DA8DE80BC}.Debug|Any CPU.ActiveCfg = Debug|Any CPU
		{E296462A-08E2-44B1-8B6C-707DA8DE80BC}.Debug|Any CPU.Build.0 = Debug|Any CPU
		{E296462A-08E2-44B1-8B6C-707DA8DE80BC}.Release|Any CPU.ActiveCfg = Release|Any CPU
		{E296462A-08E2-44B1-8B6C-707DA8DE80BC}.Release|Any CPU.Build.0 = Release|Any CPU
	EndGlobalSection
	GlobalSection(SolutionProperties) = preSolution
		HideSolutionNode = FALSE
	EndGlobalSection
	GlobalSection(ExtensibilityGlobals) = postSolution
		SolutionGuid = {0E712520-5F38-4AEF-A50C-1BD0F6FCB3B7}
	EndGlobalSection
EndGlobal
